// !$*UTF8*$!
{
	archiveVersion = 1;
	classes = {
	};
	objectVersion = 48;
	objects = {

/* Begin PBXBuildFile section */
		B1EDC0462CED0332043A74D6 /* Pods_paginationSwift.framework in Frameworks */ = {isa = PBXBuildFile; fileRef = 2B4D2F5E75792660F7920A65 /* Pods_paginationSwift.framework */; };
		E52401C1202E39D000EB8F9D /* CoreData.framework in Frameworks */ = {isa = PBXBuildFile; fileRef = E53171BE202E372100084840 /* CoreData.framework */; };
		E52401C4202E39F900EB8F9D /* coreDataFile.xcdatamodeld in Sources */ = {isa = PBXBuildFile; fileRef = E52401C2202E39F900EB8F9D /* coreDataFile.xcdatamodeld */; };
		E5317192202DECD100084840 /* extension.swift in Sources */ = {isa = PBXBuildFile; fileRef = E5317191202DECD100084840 /* extension.swift */; };
		E538EFA6202DCF350039A31C /* AppDelegate.swift in Sources */ = {isa = PBXBuildFile; fileRef = E538EFA5202DCF350039A31C /* AppDelegate.swift */; };
		E538EFA8202DCF350039A31C /* ViewController.swift in Sources */ = {isa = PBXBuildFile; fileRef = E538EFA7202DCF350039A31C /* ViewController.swift */; };
		E538EFAD202DCF350039A31C /* Assets.xcassets in Resources */ = {isa = PBXBuildFile; fileRef = E538EFAC202DCF350039A31C /* Assets.xcassets */; };
		E538EFB0202DCF350039A31C /* LaunchScreen.storyboard in Resources */ = {isa = PBXBuildFile; fileRef = E538EFAE202DCF350039A31C /* LaunchScreen.storyboard */; };
		E538EFBC202DD2770039A31C /* file.json in Resources */ = {isa = PBXBuildFile; fileRef = E538EFBB202DD2770039A31C /* file.json */; };
		E538EFBE202DD8120039A31C /* mainStruct.swift in Sources */ = {isa = PBXBuildFile; fileRef = E538EFBD202DD8120039A31C /* mainStruct.swift */; };
		E538EFC0202DDC530039A31C /* GoogleService-Info.plist in Resources */ = {isa = PBXBuildFile; fileRef = E538EFBF202DDC530039A31C /* GoogleService-Info.plist */; };
		E57943D0202F045C00D498AB /* moviesDisplayInfo.swift in Sources */ = {isa = PBXBuildFile; fileRef = E57943CF202F045C00D498AB /* moviesDisplayInfo.swift */; };
/* End PBXBuildFile section */

/* Begin PBXFileReference section */
		2B4D2F5E75792660F7920A65 /* Pods_paginationSwift.framework */ = {isa = PBXFileReference; explicitFileType = wrapper.framework; includeInIndex = 0; path = Pods_paginationSwift.framework; sourceTree = BUILT_PRODUCTS_DIR; };
		97E91D1F021E553EA3F605AC /* Pods-paginationSwift.debug.xcconfig */ = {isa = PBXFileReference; includeInIndex = 1; lastKnownFileType = text.xcconfig; name = "Pods-paginationSwift.debug.xcconfig"; path = "Pods/Target Support Files/Pods-paginationSwift/Pods-paginationSwift.debug.xcconfig"; sourceTree = "<group>"; };
		E52401C3202E39F900EB8F9D /* coreDataFile.xcdatamodel */ = {isa = PBXFileReference; lastKnownFileType = wrapper.xcdatamodel; path = coreDataFile.xcdatamodel; sourceTree = "<group>"; };
		E5317191202DECD100084840 /* extension.swift */ = {isa = PBXFileReference; fileEncoding = 4; lastKnownFileType = sourcecode.swift; path = extension.swift; sourceTree = "<group>"; };
		E53171B9202E36B100084840 /* paginationSwift */ = {isa = PBXFileReference; lastKnownFileType = folder; path = paginationSwift; sourceTree = "<group>"; };
		E53171BC202E36BC00084840 /* coreDataFile.xcdatamodel */ = {isa = PBXFileReference; lastKnownFileType = wrapper.xcdatamodel; path = coreDataFile.xcdatamodel; sourceTree = "<group>"; };
		E53171BE202E372100084840 /* CoreData.framework */ = {isa = PBXFileReference; lastKnownFileType = wrapper.framework; name = CoreData.framework; path = System/Library/Frameworks/CoreData.framework; sourceTree = SDKROOT; };
		E538EFA2202DCF350039A31C /* paginationSwift.app */ = {isa = PBXFileReference; explicitFileType = wrapper.application; includeInIndex = 0; path = paginationSwift.app; sourceTree = BUILT_PRODUCTS_DIR; };
		E538EFA5202DCF350039A31C /* AppDelegate.swift */ = {isa = PBXFileReference; lastKnownFileType = sourcecode.swift; path = AppDelegate.swift; sourceTree = "<group>"; };
		E538EFA7202DCF350039A31C /* ViewController.swift */ = {isa = PBXFileReference; lastKnownFileType = sourcecode.swift; path = ViewController.swift; sourceTree = "<group>"; };
		E538EFAC202DCF350039A31C /* Assets.xcassets */ = {isa = PBXFileReference; lastKnownFileType = folder.assetcatalog; path = Assets.xcassets; sourceTree = "<group>"; };
		E538EFAF202DCF350039A31C /* Base */ = {isa = PBXFileReference; lastKnownFileType = file.storyboard; name = Base; path = Base.lproj/LaunchScreen.storyboard; sourceTree = "<group>"; };
		E538EFB1202DCF350039A31C /* Info.plist */ = {isa = PBXFileReference; lastKnownFileType = text.plist.xml; path = Info.plist; sourceTree = "<group>"; };
		E538EFBB202DD2770039A31C /* file.json */ = {isa = PBXFileReference; fileEncoding = 4; lastKnownFileType = text.json; path = file.json; sourceTree = "<group>"; };
		E538EFBD202DD8120039A31C /* mainStruct.swift */ = {isa = PBXFileReference; lastKnownFileType = sourcecode.swift; path = mainStruct.swift; sourceTree = "<group>"; };
		E538EFBF202DDC530039A31C /* GoogleService-Info.plist */ = {isa = PBXFileReference; fileEncoding = 4; lastKnownFileType = text.plist.xml; path = "GoogleService-Info.plist"; sourceTree = "<group>"; };
		E57943CF202F045C00D498AB /* moviesDisplayInfo.swift */ = {isa = PBXFileReference; lastKnownFileType = sourcecode.swift; path = moviesDisplayInfo.swift; sourceTree = "<group>"; };
		E9EC0B9F449558466A051D9B /* Pods-paginationSwift.release.xcconfig */ = {isa = PBXFileReference; includeInIndex = 1; lastKnownFileType = text.xcconfig; name = "Pods-paginationSwift.release.xcconfig"; path = "Pods/Target Support Files/Pods-paginationSwift/Pods-paginationSwift.release.xcconfig"; sourceTree = "<group>"; };
/* End PBXFileReference section */

/* Begin PBXFrameworksBuildPhase section */
		E538EF9F202DCF350039A31C /* Frameworks */ = {
			isa = PBXFrameworksBuildPhase;
			buildActionMask = 2147483647;
			files = (
				E52401C1202E39D000EB8F9D /* CoreData.framework in Frameworks */,
				B1EDC0462CED0332043A74D6 /* Pods_paginationSwift.framework in Frameworks */,
			);
			runOnlyForDeploymentPostprocessing = 0;
		};
/* End PBXFrameworksBuildPhase section */

/* Begin PBXGroup section */
		10BEC3160D48BFEAA29F6F92 /* Pods */ = {
			isa = PBXGroup;
			children = (
				97E91D1F021E553EA3F605AC /* Pods-paginationSwift.debug.xcconfig */,
				E9EC0B9F449558466A051D9B /* Pods-paginationSwift.release.xcconfig */,
			);
			name = Pods;
			sourceTree = "<group>";
		};
		B05BA0845463D292E6C1D52E /* Frameworks */ = {
			isa = PBXGroup;
			children = (
				E53171BE202E372100084840 /* CoreData.framework */,
				E53171BB202E36BC00084840 /* coreDataFile.xcdatamodeld */,
				E53171B9202E36B100084840 /* paginationSwift */,
				2B4D2F5E75792660F7920A65 /* Pods_paginationSwift.framework */,
			);
			name = Frameworks;
			sourceTree = "<group>";
		};
		E538EF99202DCF350039A31C = {
			isa = PBXGroup;
			children = (
				E538EFA4202DCF350039A31C /* paginationSwift */,
				E538EFA3202DCF350039A31C /* Products */,
				10BEC3160D48BFEAA29F6F92 /* Pods */,
				B05BA0845463D292E6C1D52E /* Frameworks */,
			);
			sourceTree = "<group>";
		};
		E538EFA3202DCF350039A31C /* Products */ = {
			isa = PBXGroup;
			children = (
				E538EFA2202DCF350039A31C /* paginationSwift.app */,
			);
			name = Products;
			sourceTree = "<group>";
		};
		E538EFA4202DCF350039A31C /* paginationSwift */ = {
			isa = PBXGroup;
			children = (
				E538EFA5202DCF350039A31C /* AppDelegate.swift */,
				E538EFA7202DCF350039A31C /* ViewController.swift */,
				E57943CF202F045C00D498AB /* moviesDisplayInfo.swift */,
				E538EFBD202DD8120039A31C /* mainStruct.swift */,
				E5317191202DECD100084840 /* extension.swift */,
				E538EFAC202DCF350039A31C /* Assets.xcassets */,
				E538EFAE202DCF350039A31C /* LaunchScreen.storyboard */,
				E538EFB1202DCF350039A31C /* Info.plist */,
				E538EFBB202DD2770039A31C /* file.json */,
				E538EFBF202DDC530039A31C /* GoogleService-Info.plist */,
				E52401C2202E39F900EB8F9D /* coreDataFile.xcdatamodeld */,
			);
			path = paginationSwift;
			sourceTree = "<group>";
		};
/* End PBXGroup section */

/* Begin PBXNativeTarget section */
		E538EFA1202DCF350039A31C /* paginationSwift */ = {
			isa = PBXNativeTarget;
			buildConfigurationList = E538EFB4202DCF350039A31C /* Build configuration list for PBXNativeTarget "paginationSwift" */;
			buildPhases = (
				E6299AFBE917099E5C5A193D /* [CP] Check Pods Manifest.lock */,
				E538EF9E202DCF350039A31C /* Sources */,
				E538EF9F202DCF350039A31C /* Frameworks */,
				E538EFA0202DCF350039A31C /* Resources */,
				63FDD12A98320C18D40E2B90 /* [CP] Embed Pods Frameworks */,
			);
			buildRules = (
			);
			dependencies = (
			);
			name = paginationSwift;
			productName = paginationSwift;
			productReference = E538EFA2202DCF350039A31C /* paginationSwift.app */;
			productType = "com.apple.product-type.application";
		};
/* End PBXNativeTarget section */

/* Begin PBXProject section */
		E538EF9A202DCF350039A31C /* Project object */ = {
			isa = PBXProject;
			attributes = {
				LastSwiftUpdateCheck = 0920;
				LastUpgradeCheck = 0920;
				ORGANIZATIONNAME = Andrew;
				TargetAttributes = {
					E538EFA1202DCF350039A31C = {
						CreatedOnToolsVersion = 9.2;
						ProvisioningStyle = Automatic;
					};
				};
			};
			buildConfigurationList = E538EF9D202DCF350039A31C /* Build configuration list for PBXProject "paginationSwift" */;
			compatibilityVersion = "Xcode 8.0";
			developmentRegion = en;
			hasScannedForEncodings = 0;
			knownRegions = (
				en,
				Base,
			);
			mainGroup = E538EF99202DCF350039A31C;
			productRefGroup = E538EFA3202DCF350039A31C /* Products */;
			projectDirPath = "";
			projectRoot = "";
			targets = (
				E538EFA1202DCF350039A31C /* paginationSwift */,
			);
		};
/* End PBXProject section */

/* Begin PBXResourcesBuildPhase section */
		E538EFA0202DCF350039A31C /* Resources */ = {
			isa = PBXResourcesBuildPhase;
			buildActionMask = 2147483647;
			files = (
				E538EFB0202DCF350039A31C /* LaunchScreen.storyboard in Resources */,
				E538EFAD202DCF350039A31C /* Assets.xcassets in Resources */,
				E538EFC0202DDC530039A31C /* GoogleService-Info.plist in Resources */,
				E538EFBC202DD2770039A31C /* file.json in Resources */,
			);
			runOnlyForDeploymentPostprocessing = 0;
		};
/* End PBXResourcesBuildPhase section */

/* Begin PBXShellScriptBuildPhase section */
		63FDD12A98320C18D40E2B90 /* [CP] Embed Pods Frameworks */ = {
			isa = PBXShellScriptBuildPhase;
			buildActionMask = 2147483647;
			files = (
			);
			inputPaths = (
				"${SRCROOT}/Pods/Target Support Files/Pods-paginationSwift/Pods-paginationSwift-frameworks.sh",
				"${BUILT_PRODUCTS_DIR}/BoringSSL/openssl.framework",
				"${BUILT_PRODUCTS_DIR}/GTMSessionFetcher/GTMSessionFetcher.framework",
				"${BUILT_PRODUCTS_DIR}/GoogleToolboxForMac/GoogleToolboxForMac.framework",
				"${BUILT_PRODUCTS_DIR}/Protobuf/Protobuf.framework",
				"${BUILT_PRODUCTS_DIR}/gRPC/GRPCClient.framework",
				"${BUILT_PRODUCTS_DIR}/gRPC-Core/grpc.framework",
				"${BUILT_PRODUCTS_DIR}/gRPC-ProtoRPC/ProtoRPC.framework",
				"${BUILT_PRODUCTS_DIR}/gRPC-RxLibrary/RxLibrary.framework",
				"${BUILT_PRODUCTS_DIR}/leveldb-library/leveldb.framework",
				"${BUILT_PRODUCTS_DIR}/nanopb/nanopb.framework",
			);
			name = "[CP] Embed Pods Frameworks";
			outputPaths = (
				"${TARGET_BUILD_DIR}/${FRAMEWORKS_FOLDER_PATH}/openssl.framework",
				"${TARGET_BUILD_DIR}/${FRAMEWORKS_FOLDER_PATH}/GTMSessionFetcher.framework",
				"${TARGET_BUILD_DIR}/${FRAMEWORKS_FOLDER_PATH}/GoogleToolboxForMac.framework",
				"${TARGET_BUILD_DIR}/${FRAMEWORKS_FOLDER_PATH}/Protobuf.framework",
				"${TARGET_BUILD_DIR}/${FRAMEWORKS_FOLDER_PATH}/GRPCClient.framework",
				"${TARGET_BUILD_DIR}/${FRAMEWORKS_FOLDER_PATH}/grpc.framework",
				"${TARGET_BUILD_DIR}/${FRAMEWORKS_FOLDER_PATH}/ProtoRPC.framework",
				"${TARGET_BUILD_DIR}/${FRAMEWORKS_FOLDER_PATH}/RxLibrary.framework",
				"${TARGET_BUILD_DIR}/${FRAMEWORKS_FOLDER_PATH}/leveldb.framework",
				"${TARGET_BUILD_DIR}/${FRAMEWORKS_FOLDER_PATH}/nanopb.framework",
			);
			runOnlyForDeploymentPostprocessing = 0;
			shellPath = /bin/sh;
			shellScript = "\"${SRCROOT}/Pods/Target Support Files/Pods-paginationSwift/Pods-paginationSwift-frameworks.sh\"\n";
			showEnvVarsInLog = 0;
		};
		E6299AFBE917099E5C5A193D /* [CP] Check Pods Manifest.lock */ = {
			isa = PBXShellScriptBuildPhase;
			buildActionMask = 2147483647;
			files = (
			);
			inputPaths = (
				"${PODS_PODFILE_DIR_PATH}/Podfile.lock",
				"${PODS_ROOT}/Manifest.lock",
			);
			name = "[CP] Check Pods Manifest.lock";
			outputPaths = (
				"$(DERIVED_FILE_DIR)/Pods-paginationSwift-checkManifestLockResult.txt",
			);
			runOnlyForDeploymentPostprocessing = 0;
			shellPath = /bin/sh;
			shellScript = "diff \"${PODS_PODFILE_DIR_PATH}/Podfile.lock\" \"${PODS_ROOT}/Manifest.lock\" > /dev/null\nif [ $? != 0 ] ; then\n    # print error to STDERR\n    echo \"error: The sandbox is not in sync with the Podfile.lock. Run 'pod install' or update your CocoaPods installation.\" >&2\n    exit 1\nfi\n# This output is used by Xcode 'outputs' to avoid re-running this script phase.\necho \"SUCCESS\" > \"${SCRIPT_OUTPUT_FILE_0}\"\n";
			showEnvVarsInLog = 0;
		};
/* End PBXShellScriptBuildPhase section */

/* Begin PBXSourcesBuildPhase section */
		E538EF9E202DCF350039A31C /* Sources */ = {
			isa = PBXSourcesBuildPhase;
			buildActionMask = 2147483647;
			files = (
				E538EFBE202DD8120039A31C /* mainStruct.swift in Sources */,
				E52401C4202E39F900EB8F9D /* coreDataFile.xcdatamodeld in Sources */,
				E538EFA8202DCF350039A31C /* ViewController.swift in Sources */,
				E57943D0202F045C00D498AB /* moviesDisplayInfo.swift in Sources */,
				E538EFA6202DCF350039A31C /* AppDelegate.swift in Sources */,
				E5317192202DECD100084840 /* extension.swift in Sources */,
			);
			runOnlyForDeploymentPostprocessing = 0;
		};
/* End PBXSourcesBuildPhase section */

/* Begin PBXVariantGroup section */
		E538EFAE202DCF350039A31C /* LaunchScreen.storyboard */ = {
			isa = PBXVariantGroup;
			children = (
				E538EFAF202DCF350039A31C /* Base */,
			);
			name = LaunchScreen.storyboard;
			sourceTree = "<group>";
		};
/* End PBXVariantGroup section */

/* Begin XCBuildConfiguration section */
		E538EFB2202DCF350039A31C /* Debug */ = {
			isa = XCBuildConfiguration;
			buildSettings = {
				ALWAYS_SEARCH_USER_PATHS = NO;
				CLANG_ANALYZER_NONNULL = YES;
				CLANG_ANALYZER_NUMBER_OBJECT_CONVERSION = YES_AGGRESSIVE;
				CLANG_CXX_LANGUAGE_STANDARD = "gnu++14";
				CLANG_CXX_LIBRARY = "libc++";
				CLANG_ENABLE_MODULES = YES;
				CLANG_ENABLE_OBJC_ARC = YES;
				CLANG_WARN_BLOCK_CAPTURE_AUTORELEASING = YES;
				CLANG_WARN_BOOL_CONVERSION = YES;
				CLANG_WARN_COMMA = YES;
				CLANG_WARN_CONSTANT_CONVERSION = YES;
				CLANG_WARN_DIRECT_OBJC_ISA_USAGE = YES_ERROR;
				CLANG_WARN_DOCUMENTATION_COMMENTS = YES;
				CLANG_WARN_EMPTY_BODY = YES;
				CLANG_WARN_ENUM_CONVERSION = YES;
				CLANG_WARN_INFINITE_RECURSION = YES;
				CLANG_WARN_INT_CONVERSION = YES;
				CLANG_WARN_NON_LITERAL_NULL_CONVERSION = YES;
				CLANG_WARN_OBJC_LITERAL_CONVERSION = YES;
				CLANG_WARN_OBJC_ROOT_CLASS = YES_ERROR;
				CLANG_WARN_RANGE_LOOP_ANALYSIS = YES;
				CLANG_WARN_STRICT_PROTOTYPES = YES;
				CLANG_WARN_SUSPICIOUS_MOVE = YES;
				CLANG_WARN_UNGUARDED_AVAILABILITY = YES_AGGRESSIVE;
				CLANG_WARN_UNREACHABLE_CODE = YES;
				CLANG_WARN__DUPLICATE_METHOD_MATCH = YES;
				CODE_SIGN_IDENTITY = "iPhone Developer";
				COPY_PHASE_STRIP = NO;
				DEBUG_INFORMATION_FORMAT = dwarf;
				ENABLE_STRICT_OBJC_MSGSEND = YES;
				ENABLE_TESTABILITY = YES;
				GCC_C_LANGUAGE_STANDARD = gnu11;
				GCC_DYNAMIC_NO_PIC = NO;
				GCC_NO_COMMON_BLOCKS = YES;
				GCC_OPTIMIZATION_LEVEL = 0;
				GCC_PREPROCESSOR_DEFINITIONS = (
					"DEBUG=1",
					"$(inherited)",
				);
				GCC_WARN_64_TO_32_BIT_CONVERSION = YES;
				GCC_WARN_ABOUT_RETURN_TYPE = YES_ERROR;
				GCC_WARN_UNDECLARED_SELECTOR = YES;
				GCC_WARN_UNINITIALIZED_AUTOS = YES_AGGRESSIVE;
				GCC_WARN_UNUSED_FUNCTION = YES;
				GCC_WARN_UNUSED_VARIABLE = YES;
				IPHONEOS_DEPLOYMENT_TARGET = 11.2;
				MTL_ENABLE_DEBUG_INFO = YES;
				ONLY_ACTIVE_ARCH = YES;
				SDKROOT = iphoneos;
				SWIFT_ACTIVE_COMPILATION_CONDITIONS = DEBUG;
				SWIFT_OPTIMIZATION_LEVEL = "-Onone";
			};
			name = Debug;
		};
		E538EFB3202DCF350039A31C /* Release */ = {
			isa = XCBuildConfiguration;
			buildSettings = {
				ALWAYS_SEARCH_USER_PATHS = NO;
				CLANG_ANALYZER_NONNULL = YES;
				CLANG_ANALYZER_NUMBER_OBJECT_CONVERSION = YES_AGGRESSIVE;
				CLANG_CXX_LANGUAGE_STANDARD = "gnu++14";
				CLANG_CXX_LIBRARY = "libc++";
				CLANG_ENABLE_MODULES = YES;
				CLANG_ENABLE_OBJC_ARC = YES;
				CLANG_WARN_BLOCK_CAPTURE_AUTORELEASING = YES;
				CLANG_WARN_BOOL_CONVERSION = YES;
				CLANG_WARN_COMMA = YES;
				CLANG_WARN_CONSTANT_CONVERSION = YES;
				CLANG_WARN_DIRECT_OBJC_ISA_USAGE = YES_ERROR;
				CLANG_WARN_DOCUMENTATION_COMMENTS = YES;
				CLANG_WARN_EMPTY_BODY = YES;
				CLANG_WARN_ENUM_CONVERSION = YES;
				CLANG_WARN_INFINITE_RECURSION = YES;
				CLANG_WARN_INT_CONVERSION = YES;
				CLANG_WARN_NON_LITERAL_NULL_CONVERSION = YES;
				CLANG_WARN_OBJC_LITERAL_CONVERSION = YES;
				CLANG_WARN_OBJC_ROOT_CLASS = YES_ERROR;
				CLANG_WARN_RANGE_LOOP_ANALYSIS = YES;
				CLANG_WARN_STRICT_PROTOTYPES = YES;
				CLANG_WARN_SUSPICIOUS_MOVE = YES;
				CLANG_WARN_UNGUARDED_AVAILABILITY = YES_AGGRESSIVE;
				CLANG_WARN_UNREACHABLE_CODE = YES;
				CLANG_WARN__DUPLICATE_METHOD_MATCH = YES;
				CODE_SIGN_IDENTITY = "iPhone Developer";
				COPY_PHASE_STRIP = NO;
				DEBUG_INFORMATION_FORMAT = "dwarf-with-dsym";
				ENABLE_NS_ASSERTIONS = NO;
				ENABLE_STRICT_OBJC_MSGSEND = YES;
				GCC_C_LANGUAGE_STANDARD = gnu11;
				GCC_NO_COMMON_BLOCKS = YES;
				GCC_WARN_64_TO_32_BIT_CONVERSION = YES;
				GCC_WARN_ABOUT_RETURN_TYPE = YES_ERROR;
				GCC_WARN_UNDECLARED_SELECTOR = YES;
				GCC_WARN_UNINITIALIZED_AUTOS = YES_AGGRESSIVE;
				GCC_WARN_UNUSED_FUNCTION = YES;
				GCC_WARN_UNUSED_VARIABLE = YES;
				IPHONEOS_DEPLOYMENT_TARGET = 11.2;
				MTL_ENABLE_DEBUG_INFO = NO;
				SDKROOT = iphoneos;
				SWIFT_OPTIMIZATION_LEVEL = "-Owholemodule";
				VALIDATE_PRODUCT = YES;
			};
			name = Release;
		};
		E538EFB5202DCF350039A31C /* Debug */ = {
			isa = XCBuildConfiguration;
			baseConfigurationReference = 97E91D1F021E553EA3F605AC /* Pods-paginationSwift.debug.xcconfig */;
			buildSettings = {
				ASSETCATALOG_COMPILER_APPICON_NAME = AppIcon;
				CODE_SIGN_STYLE = Automatic;
				DEVELOPMENT_TEAM = GDW2A22A3S;
				INFOPLIST_FILE = paginationSwift/Info.plist;
				LD_RUNPATH_SEARCH_PATHS = "$(inherited) @executable_path/Frameworks";
				PRODUCT_BUNDLE_IDENTIFIER = com.paginationSwift;
				PRODUCT_NAME = "$(TARGET_NAME)";
				SWIFT_VERSION = 4.0;
				TARGETED_DEVICE_FAMILY = "1,2";
			};
			name = Debug;
		};
		E538EFB6202DCF350039A31C /* Release */ = {
			isa = XCBuildConfiguration;
			baseConfigurationReference = E9EC0B9F449558466A051D9B /* Pods-paginationSwift.release.xcconfig */;
			buildSettings = {
				ASSETCATALOG_COMPILER_APPICON_NAME = AppIcon;
				CODE_SIGN_STYLE = Automatic;
				DEVELOPMENT_TEAM = GDW2A22A3S;
				INFOPLIST_FILE = paginationSwift/Info.plist;
				LD_RUNPATH_SEARCH_PATHS = "$(inherited) @executable_path/Frameworks";
				PRODUCT_BUNDLE_IDENTIFIER = com.paginationSwift;
				PRODUCT_NAME = "$(TARGET_NAME)";
				SWIFT_VERSION = 4.0;
				TARGETED_DEVICE_FAMILY = "1,2";
			};
			name = Release;
		};
/* End XCBuildConfiguration section */

/* Begin XCConfigurationList section */
		E538EF9D202DCF350039A31C /* Build configuration list for PBXProject "paginationSwift" */ = {
			isa = XCConfigurationList;
			buildConfigurations = (
				E538EFB2202DCF350039A31C /* Debug */,
				E538EFB3202DCF350039A31C /* Release */,
			);
			defaultConfigurationIsVisible = 0;
			defaultConfigurationName = Release;
		};
		E538EFB4202DCF350039A31C /* Build configuration list for PBXNativeTarget "paginationSwift" */ = {
			isa = XCConfigurationList;
			buildConfigurations = (
				E538EFB5202DCF350039A31C /* Debug */,
				E538EFB6202DCF350039A31C /* Release */,
			);
			defaultConfigurationIsVisible = 0;
			defaultConfigurationName = Release;
		};
/* End XCConfigurationList section */

/* Begin XCVersionGroup section */
		E52401C2202E39F900EB8F9D /* coreDataFile.xcdatamodeld */ = {
			isa = XCVersionGroup;
			children = (
				E52401C3202E39F900EB8F9D /* coreDataFile.xcdatamodel */,
			);
			currentVersion = E52401C3202E39F900EB8F9D /* coreDataFile.xcdatamodel */;
			path = coreDataFile.xcdatamodeld;
			sourceTree = "<group>";
			versionGroupType = wrapper.xcdatamodel;
		};
		E53171BB202E36BC00084840 /* coreDataFile.xcdatamodeld */ = {
			isa = XCVersionGroup;
			children = (
				E53171BC202E36BC00084840 /* coreDataFile.xcdatamodel */,
			);
			currentVersion = E53171BC202E36BC00084840 /* coreDataFile.xcdatamodel */;
			name = coreDataFile.xcdatamodeld;
			path = paginationSwift/coreDataFile.xcdatamodeld;
			sourceTree = "<group>";
			versionGroupType = wrapper.xcdatamodel;
		};
/* End XCVersionGroup section */
	};
	rootObject = E538EF9A202DCF350039A31C /* Project object */;
}
